
Microsoft Visual Studio Solution File, Format Version 12.00
# Visual Studio Version 16
VisualStudioVersion = 16.0.31729.503
MinimumVisualStudioVersion = 10.0.40219.1
Project("{FAE04EC0-301F-11D3-BF4B-00C04F79EFBC}") = "file4", "file4\file4.csproj", "{DB069158-2DB2-47AC-9AB6-0DB96F88396D}"
EndProject
Global
	GlobalSection(SolutionConfigurationPlatforms) = preSolution
		Debug|Any CPU = Debug|Any CPU
		Release|Any CPU = Release|Any CPU
	EndGlobalSection
	GlobalSection(ProjectConfigurationPlatforms) = postSolution
		{DB069158-2DB2-47AC-9AB6-0DB96F88396D}.Debug|Any CPU.ActiveCfg = Debug|Any CPU
		{DB069158-2DB2-47AC-9AB6-0DB96F88396D}.Debug|Any CPU.Build.0 = Debug|Any CPU
		{DB069158-2DB2-47AC-9AB6-0DB96F88396D}.Release|Any CPU.ActiveCfg = Release|Any CPU
		{DB069158-2DB2-47AC-9AB6-0DB96F88396D}.Release|Any CPU.Build.0 = Release|Any CPU
	EndGlobalSection
	GlobalSection(SolutionProperties) = preSolution
		HideSolutionNode = FALSE
	EndGlobalSection
	GlobalSection(ExtensibilityGlobals) = postSolution
		SolutionGuid = {9B1578D2-B837-4A5D-A5BE-F06CC8FB9057}
	EndGlobalSection
EndGlobal
